Microsoft Visual Studio Solution File, Format Version 12.00
# Visual Studio Version 17
VisualStudioVersion = 17.5.2.0
MinimumVisualStudioVersion = 10.0.40219.1
Project("{FAE04EC0-301F-11D3-BF4B-00C04F79EFBC}") = "OneIncChallenge", "OneIncChallenge.csproj", "{44F5B993-D8FC-176F-F6CC-D1933C11DA3B}"
EndProject
Global
	GlobalSection(SolutionConfigurationPlatforms) = preSolution
		Debug|Any CPU = Debug|Any CPU
		Release|Any CPU = Release|Any CPU
	EndGlobalSection
	GlobalSection(ProjectConfigurationPlatforms) = postSolution
		{44F5B993-D8FC-176F-F6CC-D1933C11DA3B}.Debug|Any CPU.ActiveCfg = Debug|Any CPU
		{44F5B993-D8FC-176F-F6CC-D1933C11DA3B}.Debug|Any CPU.Build.0 = Debug|Any CPU
		{44F5B993-D8FC-176F-F6CC-D1933C11DA3B}.Release|Any CPU.ActiveCfg = Release|Any CPU
		{44F5B993-D8FC-176F-F6CC-D1933C11DA3B}.Release|Any CPU.Build.0 = Release|Any CPU
	EndGlobalSection
	GlobalSection(SolutionProperties) = preSolution
		HideSolutionNode = FALSE
	EndGlobalSection
	GlobalSection(ExtensibilityGlobals) = postSolution
		SolutionGuid = {9D9E3D7C-7823-4EDA-A8F6-67E816283097}
	EndGlobalSection
EndGlobal
